github.com/bachittle/JobProtocol v0.0.0-20201128185132-ffa5c4f04335 h1:0zdiqty1puhguTeLLmkJOzTC9SJulgNz98jRJ8uIrlI=
github.com/bachittle/gateway v1.0.8 h1:EXTEIDUEyVgwaemZr5I5M4MW167cMu8QGc2TccCsuKU=
github.com/bachittle/gateway v1.0.8/go.mod h1:vKtshSZ2q4t86M6A+D3M9b2+9zKNhiVbLbLDxVhleJs=
github.com/bachittle/ping-go v1.1.1 h1:kIMLSpCJvdqcaEtMzxpV84dfEr04WqlMytPqXDSaN/A=
github.com/bachittle/ping-go v1.1.1/go.mod h1:VVRX6J1wkxrvrCinyORfRt+9OHOjh/JB5sRMD2agw6Y=
github.com/bachittle/ping-go v1.1.2 h1:YSUUiwxxOSvm4RrwZkKyHQBiF+K8fqFLHgIT79UKw2M=
github.com/bachittle/ping-go v1.1.2/go.mod h1:VVRX6J1wkxrvrCinyORfRt+9OHOjh/JB5sRMD2agw6Y=
github.com/bachittle/ping-go v1.1.3 h1:v155X2UNX2ydJg4wrenHl3qpQH9POReK9hPZf7T83RI=
github.com/bachittle/ping-go v1.1.3/go.mod h1:VVRX6J1wkxrvrCinyORfRt+9OHOjh/JB5sRMD2agw6Y=
github.com/bachittle/ping-go v1.1.4 h1:fL3Fe8G6XlUiccAprqSiapVq6A2KFp3v1Msq5nhoe4U=
github.com/bachittle/ping-go v1.1.4/go.mod h1:S44YSDpSXrlg5fMV9dyEg4FvRnvzf28In+V15EKb9pk=
github.com/bachittle/ping-go v1.1.6 h1:oTQP0RHhinS5rm96nb0XQz1KJ47CF/cjXizk9oB+Cr0=
github.com/bachittle/ping-go v1.1.6/go.mod h1:S44YSDpSXrlg5fMV9dyEg4FvRnvzf28In+V15EKb9pk=
github.com/bachittle/ping-go v1.1.8 h1:TzvM15Bm1Qcc0WORJ15sj+b5RVKR0pCgSVBArPKu0WA=
github.com/bachittle/ping-go v1.1.8/go.mod h1:WFoS0K8/avaYDM593gvoYjxg7QUQfgK5BXRX4w2Qtfg=
github.com/bachittle/ping-go v1.1.10 h1:RtOivZcGiNpr9PUw3sS818lVEb6Brn1snM5rGGGnyKo=
github.com/bachittle/ping-go v1.1.10/go.mod h1:KruWeh0Wayec4cnmfdosQKuupZh35G1pbH0xTMm6OWY=
github.com/bachittle/ping-go-v2 v0.0.0-20201222172932-a3af522675dc h1:7lWSArhY01r3bKnZBbReLVVYKNvNRwLRIkyDXdY++rw=
github.com/bachittle/ping-go-v2 v0.0.0-20201222172932-a3af522675dc/go.mod h1:aKwkwNvMDQm2nUqINKAslcPFb2qyuUGe4Jcr60OfMJs=
github.com/bachittle/ping-go-v2 v0.0.0-20201222175136-311fbb669f3f h1:1Ti+eZLK2TB4pvWiGo5+5cwFXNZ9YPOvUxpBFe1jGic=
github.com/bachittle/ping-go-v2 v0.0.0-20201222175136-311fbb669f3f/go.mod h1:aKwkwNvMDQm2nUqINKAslcPFb2qyuUGe4Jcr60OfMJs=
github.com/bachittle/ping-go-v2 v1.0.1 h1:E5OWgutQLNYQXbrSNaUoqiV5ZtlPF8sVMfAuTp3ykks=
github.com/bachittle/ping-go-v2 v1.0.1/go.mod h1:aKwkwNvMDQm2nUqINKAslcPFb2qyuUGe4Jcr60OfMJs=
github.com/bachittle/ping-go/pinger v0.0.0-20201128203717-eb7e3f296fba h1:8Km5NQjuGemU1DgWLAa8poTlBTISKKkzXI9OHmuc34o=
github.com/bachittle/ping-go/pinger v0.0.0-20201128203717-eb7e3f296fba/go.mod h1:JNWE/RfpzwPOWFrFhLaD9tHb8LvCHDpXdx0t0hzVTbk=
github.com/bachittle/ping-go/pinger v0.0.0-20201129022748-7de8257ac302 h1:+VWL3/9WL9XaKESuaPdUFou89Pxh34UXPqj+ryQe/Sc=
github.com/bachittle/ping-go/pinger v0.0.0-20201129022748-7de8257ac302/go.mod h1:FxT/wm4JHpmLAo9YNqveZiAIg0AAvHNR24qoqI8LGO8=
github.com/bachittle/ping-go/pinger v0.0.0-20201130210025-5fc73c038b76 h1:y2blDdmORFaWXM/g/rOeXN72es5tp0V82a6U4xK7rRo=
github.com/bachittle/ping-go/pinger v0.0.0-20201130210025-5fc73c038b76/go.mod h1:FxT/wm4JHpmLAo9YNqveZiAIg0AAvHNR24qoqI8LGO8=
github.com/bachittle/ping-go/pinger v0.0.0-20201204042230-3e400ffa0019 h1:4rY63GGjgycAB5lgvIocdHMTtE7CEvIpIC8Y9lur9GU=
github.com/bachittle/ping-go/pinger v0.0.0-20201204042230-3e400ffa0019/go.mod h1:FxT/wm4JHpmLAo9YNqveZiAIg0AAvHNR24qoqI8LGO8=
github.com/bachittle/ping-go/pinger v0.0.0-20201204213902-27e165534fdc h1:gP3szhgLl9S7BZqR85s61fM8SeAkB4z9/3rfIbnCHKQ=
github.com/bachittle/ping-go/pinger v0.0.0-20201204213902-27e165534fdc/go.mod h1:RH6BFmsC2SsmMqfXy/fjXzgq/9YDqO74qabUbuNSDIU=
github.com/bachittle/ping-go/pinger v0.0.0-20201204220408-a953ebeaea1b h1:/+DWVam7CqINJdbzfw3xj3HqAErU90J6uo8fcUhNS6o=
github.com/bachittle/ping-go/pinger v0.0.0-20201204220408-a953ebeaea1b/go.mod h1:xXlv9khGrp/scSOunUte20rlgiFWSArwPoPAQd+3VWs=
github.com/bachittle/ping-go/pinger v0.0.0-20201204220814-575c884bcb87 h1:XejtAV+c+pCPVU5sGEkBHXQNB2l+AvqWMM86wuMw+Jc=
github.com/bachittle/ping-go/pinger v0.0.0-20201204220814-575c884bcb87/go.mod h1:MVAFzS4k5bi9QX6wooQoseUK5ObtjMrRfPLagCw4nqs=
github.com/bachittle/ping-go/pinger v0.0.0-20201204235757-2c8f56eb655c h1:G3WpSdSOGXATtzM8JcWortw9qaiMz4IGCWWjbUnxUio=
github.com/bachittle/ping-go/pinger v0.0.0-20201204235757-2c8f56eb655c/go.mod h1:mvLxYS94PzqvaSLVVnv6FeD8emTpMz+0hpu3ZZW1njE=
github.com/bachittle/ping-go/utils v0.0.0-20201128190917-1230e44b481f/go.mod h1:kGET9/FtGf5gb6XNa4FBcpngrn4XeVX30JKoTDeegS4=
github.com/bachittle/ping-go/utils v0.0.0-20201128203717-eb7e3f296fba h1:wLoH5higkCQQDOdl5cxzWaoAl5h7vgXPOKo7YDT4pk8=
github.com/bachittle/ping-go/utils v0.0.0-20201128203717-eb7e3f296fba/go.mod h1:GMEKtw5LlTmQH38crQj9nTJa8ocIJx2FPM5g2dglaPM=
github.com/bachittle/ping-go/utils v0.0.0-20201128215519-db656fffa8fe/go.mod h1:GMEKtw5LlTmQH38crQj9nTJa8ocIJx2FPM5g2dglaPM=
github.com/bachittle/ping-go/utils v0.0.0-20201129020523-ff8966fdee92 h1:8ayPvYJv63OK22yzHHRMIL07OEJeCWqDbP/52Ne7cFs=
github.com/bachittle/ping-go/utils v0.0.0-20201129020523-ff8966fdee92/go.mod h1:GMEKtw5LlTmQH38crQj9nTJa8ocIJx2FPM5g2dglaPM=
github.com/bachittle/ping-go/utils v0.0.0-20201130210025-5fc73c038b76 h1:CsdfOiU7b5IezMUgGryYHgAH2br6ZL9cgFm5Ff8zCVY=
github.com/bachittle/ping-go/utils v0.0.0-20201130210025-5fc73c038b76/go.mod h1:GMEKtw5LlTmQH38crQj9nTJa8ocIJx2FPM5g2dglaPM=
github.com/bachittle/ping-go/utils v0.0.0-20201204042230-3e400ffa0019 h1:2cMWCD3ZiDc6pECfkWnM7OWzTHHg+B+WJm5oFhTE5V0=
github.com/bachittle/ping-go/utils v0.0.0-20201204042230-3e400ffa0019/go.mod h1:GMEKtw5LlTmQH38crQj9nTJa8ocIJx2FPM5g2dglaPM=
github.com/bachittle/ping-go/utils v0.0.0-20201204213902-27e165534fdc h1:36DaHtZVGYZGEWbEDKk4uuMviQ/roSmFd+kVRKDAHhw=
github.com/bachittle/ping-go/utils v0.0.0-20201204213902-27e165534fdc/go.mod h1:GMEKtw5LlTmQH38crQj9nTJa8ocIJx2FPM5g2dglaPM=
github.com/bachittle/ping-go/utils v0.0.0-20201204220408-a953ebeaea1b h1:Gn/uT0Mzl7K4cfEG6M+oc5Ql6ADElRMid+OdatV1wZ4=
github.com/bachittle/ping-go/utils v0.0.0-20201204220408-a953ebeaea1b/go.mod h1:GMEKtw5LlTmQH38crQj9nTJa8ocIJx2FPM5g2dglaPM=
github.com/bachittle/ping-go/utils v0.0.0-20201204220814-575c884bcb87 h1:yIhXkpa6Cl3ZNRRoz2et33A9UbRazCsegtdT2W6yNKY=
github.com/bachittle/ping-go/utils v0.0.0-20201204220814-575c884bcb87/go.mod h1:GMEKtw5LlTmQH38crQj9nTJa8ocIJx2FPM5g2dglaPM=
github.com/bachittle/ping-go/utils v0.0.0-20201204235757-2c8f56eb655c h1:GHcyqPHSMon3JGCl1y1+O//7T0kPUUFPcO2ynP6rgsI=
github.com/bachittle/ping-go/utils v0.0.0-20201204235757-2c8f56eb655c/go.mod h1:GMEKtw5LlTmQH38crQj9nTJa8ocIJx2FPM5g2dglaPM=
github.com/google/gopacket v1.1.19 h1:ves8RnFZPGiFnTS0uPQStjwru6uO6h+nlr9j6fL7kF8=
github.com/google/gopacket v1.1.19/go.mod h1:iJ8V8n6KS+z2U1A8pUwu8bW5SyEMkXJB8Yo/Vo+TKTo=
github.com/jackpal/gateway v1.0.6/go.mod h1:lTpwd4ACLXmpyiCTRtfiNyVnUmqT9RivzCDQetPfnjA=
github.com/prairir/JobProtocol v0.0.0-20201129181807-5defa380f9c9 h1:txd4JfDOVW5V8QymzQYZWuknnS/EhDc5mHWH+labLW8=
github.com/prairir/JobProtocol/Globals v0.0.0-20201129181807-5defa380f9c9 h1:vP6SqeFYNfR9kmxImKSwQWRAqP7nPF6ogSTUbX7oARE=
github.com/prairir/JobProtocol/Globals v0.0.0-20201129181807-5defa380f9c9/go.mod h1:bRDEbS0ZOKZ43DUXWddqAgoz8KNMP3pkrBTzGNc/f08=
golang.org/x/crypto v0.0.0-20190308221718-c2843e01d9a2/go.mod h1:djNgcEr1/C05ACkg1iLfiJU5Ep61QUkGW8qpdssI0+w=
golang.org/x/crypto v0.0.0-20191011191535-87dc89f01550/go.mod h1:yigFU9vqHzYiE8UmvKecakEJjdnWj3jj499lnFckfCI=
golang.org/x/crypto v0.0.0-20200622213623-75b288015ac9/go.mod h1:LzIPMQfyMNhhGPhUkYOs5KpL4U8rLKemX1yGLhDgUto=
golang.org/x/lint v0.0.0-20200302205851-738671d3881b/go.mod h1:3xt1FjdF8hUf6vQPIChWIBhFzV8gjjsPE/fR3IyQdNY=
golang.org/x/mod v0.1.1-0.20191105210325-c90efee705ee/go.mod h1:QqPTAvyqsEbceGzBzNggFXnrqF1CaUcvgkdR5Ot7KZg=
golang.org/x/net v0.0.0-20190404232315-eb5bcb51f2a3/go.mod h1:t9HGtf8HONx5eT2rtn7q6eTqICYqUVnKs3thJo3Qplg=
golang.org/x/net v0.0.0-20190620200207-3b0461eec859/go.mod h1:z5CRVTTTmAJ677TzLLGU+0bjPO0LkuOLi4/5GtJWs/s=
golang.org/x/net v0.0.0-20201110031124-69a78807bb2b h1:uwuIcX0g4Yl1NC5XAz37xsr2lTtcqevgzYNVt49waME=
golang.org/x/net v0.0.0-20201110031124-69a78807bb2b/go.mod h1:sp8m0HH+o8qH0wwXwYZr8TS3Oi6o0r6Gce1SSxlDquU=
golang.org/x/net v0.0.0-20201202161906-c7110b5ffcbb h1:eBmm0M9fYhWpKZLjQUUKka/LtIxf46G4fxeEz5KJr9U=
golang.org/x/sync v0.0.0-20190423024810-112230192c58/go.mod h1:RxMgew5VJxzue5/jJTE5uejpjVlOe/izrB70Jof72aM=
golang.org/x/sys v0.0.0-20190215142949-d0b11bdaac8a/go.mod h1:STP8DvDyc/dI5b8T5hshtkjS+E42TnysNCUPdjciGhY=
golang.org/x/sys v0.0.0-20190412213103-97732733099d/go.mod h1:h1NjWce9XRLGQEsW7wpKNCjG9DtNlClVuFLEZdDNbEs=
golang.org/x/sys v0.0.0-20200930185726-fdedc70b468f h1:+Nyd8tzPX9R7BWHguqsrbFdRx3WQ/1ib8I44HXV5yTA=
golang.org/x/sys v0.0.0-20200930185726-fdedc70b468f/go.mod h1:h1NjWce9XRLGQEsW7wpKNCjG9DtNlClVuFLEZdDNbEs=
golang.org/x/text v0.3.0/go.mod h1:NqM8EUOU14njkJ3fqMW+pc6Ldnwhi/IjpwHt7yyuwOQ=
golang.org/x/text v0.3.3/go.mod h1:5Zoc/QRtKVWzQhOtBMvqHzDpF6irO9z98xDceosuGiQ=
golang.org/x/tools v0.0.0-20180917221912-90fa682c2a6e/go.mod h1:n7NCudcB/nEzxVGmLbDWY5pfWTLqBcC2KZ6jyYvM4mQ=
golang.org/x/tools v0.0.0-20200130002326-2f3ba24bd6e7/go.mod h1:TB2adYChydJhpapKDTa4BR/hXlZSLoq2Wpct/0txZ28=
golang.org/x/xerrors v0.0.0-20191011141410-1b5146add898/go.mod h1:I/5z698sn9Ka8TeJc9MKroUUfqBBauWjQqLJ2OPfmY0=
